
Microsoft Visual Studio Solution File, Format Version 12.00
# Visual Studio Version 17
VisualStudioVersion = 17.8.34511.84
MinimumVisualStudioVersion = 10.0.40219.1
Project("{FAE04EC0-301F-11D3-BF4B-00C04F79EFBC}") = "WebApplicationsebas", "WebApplicationsebas.csproj", "{AD7675AC-8548-47FE-A3CA-D8AE6C44CD0B}"
EndProject
Global
	GlobalSection(SolutionConfigurationPlatforms) = preSolution
		Debug|Any CPU = Debug|Any CPU
		Release|Any CPU = Release|Any CPU
	EndGlobalSection
	GlobalSection(ProjectConfigurationPlatforms) = postSolution
		{AD7675AC-8548-47FE-A3CA-D8AE6C44CD0B}.Debug|Any CPU.ActiveCfg = Debug|Any CPU
		{AD7675AC-8548-47FE-A3CA-D8AE6C44CD0B}.Debug|Any CPU.Build.0 = Debug|Any CPU
		{AD7675AC-8548-47FE-A3CA-D8AE6C44CD0B}.Release|Any CPU.ActiveCfg = Release|Any CPU
		{AD7675AC-8548-47FE-A3CA-D8AE6C44CD0B}.Release|Any CPU.Build.0 = Release|Any CPU
	EndGlobalSection
	GlobalSection(SolutionProperties) = preSolution
		HideSolutionNode = FALSE
	EndGlobalSection
	GlobalSection(ExtensibilityGlobals) = postSolution
		SolutionGuid = {F12B3BC7-83B3-4517-AED3-53C1993925C7}
	EndGlobalSection
EndGlobal
